# THIS IS AN AUTOGENERATED FILE. DO NOT EDIT THIS FILE DIRECTLY.
# yarn lockfile v1


clone-deep@^4.0.1:
  version "4.0.1"
  resolved "https://registry.yarnpkg.com/clone-deep/-/clone-deep-4.0.1.tgz#c19fd9bdbbf85942b4fd979c84dcf7d5f07c2387"
  integrity sha512-neHB9xuzh/wk0dIHweyAXv2aPGZIVk3pLMe+/RNzINf17fe0OG96QroktYAUm7SM1PBnzTabaLboqqxDyMU+SQ==
  dependencies:
    is-plain-object "^2.0.4"
    kind-of "^6.0.2"
    shallow-clone "^3.0.0"

is-plain-object@^2.0.4:
  version "2.0.4"
  resolved "https://registry.yarnpkg.com/is-plain-object/-/is-plain-object-2.0.4.tgz#2c163b3fafb1b606d9d17928f05c2a1c38e07677"
  integrity sha512-h5PpgXkWitc38BBMYawTYMWJHFZJVnBquFE57xFpjB8pJFiF6gZ+bU+WyI/yqXiFR5mdLsgYNaPe8uao6Uv9Og==
  dependencies:
    isobject "^3.0.1"

isobject@^3.0.1:
  version "3.0.1"
  resolved "https://registry.yarnpkg.com/isobject/-/isobject-3.0.1.tgz#4e431e92b11a9731636aa1f9c8d1ccbcfdab78df"
  integrity sha1-TkMekrEalzFjaqH5yNHMvP2reN8=

kind-of@^6.0.2:
  version "6.0.3"
  resolved "https://registry.yarnpkg.com/kind-of/-/kind-of-6.0.3.tgz#07c05034a6c349fa06e24fa35aa76db4580ce4dd"
  integrity sha512-dcS1ul+9tmeD95T+x28/ehLgd9mENa3LsvDTtzm3vyBEO7RPptvAD+t44WVXaUjTBRcrpFeFlC8WCruUR456hw==

shallow-clone@^3.0.0:
  version "3.0.1"
  resolved "https://registry.yarnpkg.com/shallow-clone/-/shallow-clone-3.0.1.tgz#8f2981ad92531f55035b01fb230769a40e02efa3"
  integrity sha512-/6KqX+GVUdqPuPPd2LxDDxzX6CAbjJehAAOKlNpqqUpAqPM6HeL8f+o3a+JsyGjn2lv0WY8UsTgUJjU9Ok55NA==
  dependencies:
    kind-of "^6.0.2"

webpack-merge@5.1.2:
  version "5.1.2"
  resolved "https://registry.yarnpkg.com/webpack-merge/-/webpack-merge-5.1.2.tgz#21dc1ed0e860c305cf5a07a48750f53a99750855"
  integrity sha512-/slG0Kh0OKTf0zxdFJlhQHzv8bU9gUYVK5DkBjB3i/yoc1Xx4ADG0KITGO5S/6cqn2Ug43+8VR6Sz8daA/c+5g==
  dependencies:
    clone-deep "^4.0.1"
    wildcard "^2.0.0"

wildcard@^2.0.0:
  version "2.0.0"
  resolved "https://registry.yarnpkg.com/wildcard/-/wildcard-2.0.0.tgz#a77d20e5200c6faaac979e4b3aadc7b3dd7f8fec"
  integrity sha512-JcKqAHLPxcdb9KM49dufGXn2x3ssnfjbcaQdLlfZsL9rH9wgDQjUtDxbo8NE0F6SFvydeu1VhZe7hZuHsB2/pw==
